
Microsoft Visual Studio Solution File, Format Version 12.00
# Visual Studio Version 17
VisualStudioVersion = 17.8.34316.72
MinimumVisualStudioVersion = 10.0.40219.1
Project("{FAE04EC0-301F-11D3-BF4B-00C04F79EFBC}") = "Data", "Data\Data.csproj", "{F7677DFC-F790-4238-A790-02A3ACBE8B7D}"
EndProject
Project("{FAE04EC0-301F-11D3-BF4B-00C04F79EFBC}") = "Logica", "Logica\Logica.csproj", "{171A8E11-5D96-4B56-907C-1E40B2C4AE00}"
EndProject
Project("{FAE04EC0-301F-11D3-BF4B-00C04F79EFBC}") = "WebAPI", "WebAPI\WebAPI.csproj", "{AF74234E-E0E9-470C-9FAD-735508582FCE}"
EndProject
Global
	GlobalSection(SolutionConfigurationPlatforms) = preSolution
		Debug|Any CPU = Debug|Any CPU
		Release|Any CPU = Release|Any CPU
	EndGlobalSection
	GlobalSection(ProjectConfigurationPlatforms) = postSolution
		{F7677DFC-F790-4238-A790-02A3ACBE8B7D}.Debug|Any CPU.ActiveCfg = Debug|Any CPU
		{F7677DFC-F790-4238-A790-02A3ACBE8B7D}.Debug|Any CPU.Build.0 = Debug|Any CPU
		{F7677DFC-F790-4238-A790-02A3ACBE8B7D}.Release|Any CPU.ActiveCfg = Release|Any CPU
		{F7677DFC-F790-4238-A790-02A3ACBE8B7D}.Release|Any CPU.Build.0 = Release|Any CPU
		{171A8E11-5D96-4B56-907C-1E40B2C4AE00}.Debug|Any CPU.ActiveCfg = Debug|Any CPU
		{171A8E11-5D96-4B56-907C-1E40B2C4AE00}.Debug|Any CPU.Build.0 = Debug|Any CPU
		{171A8E11-5D96-4B56-907C-1E40B2C4AE00}.Release|Any CPU.ActiveCfg = Release|Any CPU
		{171A8E11-5D96-4B56-907C-1E40B2C4AE00}.Release|Any CPU.Build.0 = Release|Any CPU
		{AF74234E-E0E9-470C-9FAD-735508582FCE}.Debug|Any CPU.ActiveCfg = Debug|Any CPU
		{AF74234E-E0E9-470C-9FAD-735508582FCE}.Debug|Any CPU.Build.0 = Debug|Any CPU
		{AF74234E-E0E9-470C-9FAD-735508582FCE}.Release|Any CPU.ActiveCfg = Release|Any CPU
		{AF74234E-E0E9-470C-9FAD-735508582FCE}.Release|Any CPU.Build.0 = Release|Any CPU
	EndGlobalSection
	GlobalSection(SolutionProperties) = preSolution
		HideSolutionNode = FALSE
	EndGlobalSection
	GlobalSection(ExtensibilityGlobals) = postSolution
		SolutionGuid = {815E26D3-B6C5-4E5D-9677-A48E94BF6A7E}
	EndGlobalSection
EndGlobal
